
Microsoft Visual Studio Solution File, Format Version 12.00
# Visual Studio 15
VisualStudioVersion = 15.0.28307.136
MinimumVisualStudioVersion = 10.0.40219.1
Project("{9A19103F-16F7-4668-BE54-9A1E7A4F7556}") = "DebtProjectMVC", "DebtProjectMVC\DebtProjectMVC.csproj", "{D9F2C410-4B74-4466-91F2-7E90141F582B}"
EndProject
Global
	GlobalSection(SolutionConfigurationPlatforms) = preSolution
		Debug|Any CPU = Debug|Any CPU
		Release|Any CPU = Release|Any CPU
	EndGlobalSection
	GlobalSection(ProjectConfigurationPlatforms) = postSolution
		{D9F2C410-4B74-4466-91F2-7E90141F582B}.Debug|Any CPU.ActiveCfg = Debug|Any CPU
		{D9F2C410-4B74-4466-91F2-7E90141F582B}.Debug|Any CPU.Build.0 = Debug|Any CPU
		{D9F2C410-4B74-4466-91F2-7E90141F582B}.Release|Any CPU.ActiveCfg = Release|Any CPU
		{D9F2C410-4B74-4466-91F2-7E90141F582B}.Release|Any CPU.Build.0 = Release|Any CPU
	EndGlobalSection
	GlobalSection(SolutionProperties) = preSolution
		HideSolutionNode = FALSE
	EndGlobalSection
	GlobalSection(ExtensibilityGlobals) = postSolution
		SolutionGuid = {66E8BF2C-C929-41D6-A9E8-DDA0D21296C0}
	EndGlobalSection
EndGlobal
